
Microsoft Visual Studio Solution File, Format Version 12.00
# Visual Studio Version 17
VisualStudioVersion = 17.6.33829.357
MinimumVisualStudioVersion = 10.0.40219.1
Project("{FAE04EC0-301F-11D3-BF4B-00C04F79EFBC}") = "SysVacaciones.Service.APP", "SysVacaciones.Service.APP\SysVacaciones.Service.APP.csproj", "{DB149E55-0620-44BB-8405-DDE5164400FA}"
EndProject
Project("{9A19103F-16F7-4668-BE54-9A1E7A4F7556}") = "SysVacacionesDAL", "AccesoDatos\SysVacacionesDAL.csproj", "{5368558F-E2A6-483B-B34A-9286B42CD4C3}"
EndProject
Project("{9A19103F-16F7-4668-BE54-9A1E7A4F7556}") = "SysVacacionesBL", "BussinesLogic\SysVacacionesBL.csproj", "{C0E12D6A-1665-414E-9A0A-51C3A243766C}"
EndProject
Project("{9A19103F-16F7-4668-BE54-9A1E7A4F7556}") = "SysVacacionesMODEL", "Model\SysVacacionesMODEL.csproj", "{5CEE4E99-3F26-4F1E-B1F5-D0390CFACD38}"
EndProject
Global
	GlobalSection(SolutionConfigurationPlatforms) = preSolution
		Debug|Any CPU = Debug|Any CPU
		Release|Any CPU = Release|Any CPU
	EndGlobalSection
	GlobalSection(ProjectConfigurationPlatforms) = postSolution
		{DB149E55-0620-44BB-8405-DDE5164400FA}.Debug|Any CPU.ActiveCfg = Debug|Any CPU
		{DB149E55-0620-44BB-8405-DDE5164400FA}.Debug|Any CPU.Build.0 = Debug|Any CPU
		{DB149E55-0620-44BB-8405-DDE5164400FA}.Release|Any CPU.ActiveCfg = Release|Any CPU
		{DB149E55-0620-44BB-8405-DDE5164400FA}.Release|Any CPU.Build.0 = Release|Any CPU
		{5368558F-E2A6-483B-B34A-9286B42CD4C3}.Debug|Any CPU.ActiveCfg = Debug|Any CPU
		{5368558F-E2A6-483B-B34A-9286B42CD4C3}.Debug|Any CPU.Build.0 = Debug|Any CPU
		{5368558F-E2A6-483B-B34A-9286B42CD4C3}.Release|Any CPU.ActiveCfg = Release|Any CPU
		{5368558F-E2A6-483B-B34A-9286B42CD4C3}.Release|Any CPU.Build.0 = Release|Any CPU
		{C0E12D6A-1665-414E-9A0A-51C3A243766C}.Debug|Any CPU.ActiveCfg = Debug|Any CPU
		{C0E12D6A-1665-414E-9A0A-51C3A243766C}.Debug|Any CPU.Build.0 = Debug|Any CPU
		{C0E12D6A-1665-414E-9A0A-51C3A243766C}.Release|Any CPU.ActiveCfg = Release|Any CPU
		{C0E12D6A-1665-414E-9A0A-51C3A243766C}.Release|Any CPU.Build.0 = Release|Any CPU
		{5CEE4E99-3F26-4F1E-B1F5-D0390CFACD38}.Debug|Any CPU.ActiveCfg = Debug|Any CPU
		{5CEE4E99-3F26-4F1E-B1F5-D0390CFACD38}.Debug|Any CPU.Build.0 = Debug|Any CPU
		{5CEE4E99-3F26-4F1E-B1F5-D0390CFACD38}.Release|Any CPU.ActiveCfg = Release|Any CPU
		{5CEE4E99-3F26-4F1E-B1F5-D0390CFACD38}.Release|Any CPU.Build.0 = Release|Any CPU
	EndGlobalSection
	GlobalSection(SolutionProperties) = preSolution
		HideSolutionNode = FALSE
	EndGlobalSection
	GlobalSection(ExtensibilityGlobals) = postSolution
		SolutionGuid = {79D241B5-1697-4A40-923B-8A91AC489C3A}
	EndGlobalSection
EndGlobal
